
Microsoft Visual Studio Solution File, Format Version 12.00
# Visual Studio Version 16
VisualStudioVersion = 16.0.29519.181
MinimumVisualStudioVersion = 10.0.40219.1
Project("{2150E333-8FDC-42A3-9474-1A3956D46DE8}") = "src", "src", "{406E3781-FAF5-46AB-AB95-D401D229E255}"
EndProject
Project("{2150E333-8FDC-42A3-9474-1A3956D46DE8}") = "Infrastructure", "Infrastructure", "{8CC023F0-DE22-4383-9DE4-035FA44846AD}"
EndProject
Project("{2150E333-8FDC-42A3-9474-1A3956D46DE8}") = "Core", "Core", "{81D8841B-1622-42CC-A589-900F59AF2FBF}"
EndProject
Project("{2150E333-8FDC-42A3-9474-1A3956D46DE8}") = "Worker", "Worker", "{58857DDF-ADF6-4241-A2DB-9145D6E86B56}"
EndProject
Project("{FAE04EC0-301F-11D3-BF4B-00C04F79EFBC}") = "DotNetSurfer_Backend.Infrastructure", "src\Infrastructure\DotNetSurfer_Backend.Infrastructure\DotNetSurfer_Backend.Infrastructure.csproj", "{8C7A769E-9131-47F9-B271-86B416B73C11}"
EndProject
Project("{FAE04EC0-301F-11D3-BF4B-00C04F79EFBC}") = "DotNetSurfer_Backend.Core", "src\Core\DotNetSurfer_Backend.Core\DotNetSurfer_Backend.Core.csproj", "{625BE8F0-3F79-403C-912F-E36F39263C4B}"
EndProject
Project("{FAE04EC0-301F-11D3-BF4B-00C04F79EFBC}") = "DotNetSurfer_Backend.API", "src\Worker\DotNetSurfer_Backend.API\DotNetSurfer_Backend.API.csproj", "{4B123904-56BE-4ADF-8AC9-F4C46F789860}"
EndProject
Global
	GlobalSection(SolutionConfigurationPlatforms) = preSolution
		Debug|Any CPU = Debug|Any CPU
		Release|Any CPU = Release|Any CPU
	EndGlobalSection
	GlobalSection(ProjectConfigurationPlatforms) = postSolution
		{8C7A769E-9131-47F9-B271-86B416B73C11}.Debug|Any CPU.ActiveCfg = Debug|Any CPU
		{8C7A769E-9131-47F9-B271-86B416B73C11}.Debug|Any CPU.Build.0 = Debug|Any CPU
		{8C7A769E-9131-47F9-B271-86B416B73C11}.Release|Any CPU.ActiveCfg = Release|Any CPU
		{8C7A769E-9131-47F9-B271-86B416B73C11}.Release|Any CPU.Build.0 = Release|Any CPU
		{625BE8F0-3F79-403C-912F-E36F39263C4B}.Debug|Any CPU.ActiveCfg = Debug|Any CPU
		{625BE8F0-3F79-403C-912F-E36F39263C4B}.Debug|Any CPU.Build.0 = Debug|Any CPU
		{625BE8F0-3F79-403C-912F-E36F39263C4B}.Release|Any CPU.ActiveCfg = Release|Any CPU
		{625BE8F0-3F79-403C-912F-E36F39263C4B}.Release|Any CPU.Build.0 = Release|Any CPU
		{4B123904-56BE-4ADF-8AC9-F4C46F789860}.Debug|Any CPU.ActiveCfg = Debug|Any CPU
		{4B123904-56BE-4ADF-8AC9-F4C46F789860}.Debug|Any CPU.Build.0 = Debug|Any CPU
		{4B123904-56BE-4ADF-8AC9-F4C46F789860}.Release|Any CPU.ActiveCfg = Release|Any CPU
		{4B123904-56BE-4ADF-8AC9-F4C46F789860}.Release|Any CPU.Build.0 = Release|Any CPU
	EndGlobalSection
	GlobalSection(SolutionProperties) = preSolution
		HideSolutionNode = FALSE
	EndGlobalSection
	GlobalSection(NestedProjects) = preSolution
		{8CC023F0-DE22-4383-9DE4-035FA44846AD} = {406E3781-FAF5-46AB-AB95-D401D229E255}
		{81D8841B-1622-42CC-A589-900F59AF2FBF} = {406E3781-FAF5-46AB-AB95-D401D229E255}
		{58857DDF-ADF6-4241-A2DB-9145D6E86B56} = {406E3781-FAF5-46AB-AB95-D401D229E255}
		{8C7A769E-9131-47F9-B271-86B416B73C11} = {8CC023F0-DE22-4383-9DE4-035FA44846AD}
		{625BE8F0-3F79-403C-912F-E36F39263C4B} = {81D8841B-1622-42CC-A589-900F59AF2FBF}
		{4B123904-56BE-4ADF-8AC9-F4C46F789860} = {58857DDF-ADF6-4241-A2DB-9145D6E86B56}
	EndGlobalSection
	GlobalSection(ExtensibilityGlobals) = postSolution
		SolutionGuid = {236446A3-F0E3-49C2-8085-A30B8A5E0084}
	EndGlobalSection
EndGlobal
